// !$*UTF8*$!
{
	archiveVersion = 1;
	classes = {
	};
	objectVersion = 46;
	objects = {

/* Begin PBXBuildFile section */
		370EB30A1EE1B24600B7F266 /* AppDelegate.swift in Sources */ = {isa = PBXBuildFile; fileRef = 370EB3091EE1B24600B7F266 /* AppDelegate.swift */; };
		370EB30C1EE1B24700B7F266 /* ViewController.swift in Sources */ = {isa = PBXBuildFile; fileRef = 370EB30B1EE1B24700B7F266 /* ViewController.swift */; };
		370EB30F1EE1B24700B7F266 /* Main.storyboard in Resources */ = {isa = PBXBuildFile; fileRef = 370EB30D1EE1B24700B7F266 /* Main.storyboard */; };
		370EB3121EE1B24700B7F266 /* PenguinCollector.xcdatamodeld in Sources */ = {isa = PBXBuildFile; fileRef = 370EB3101EE1B24700B7F266 /* PenguinCollector.xcdatamodeld */; };
		370EB3141EE1B24700B7F266 /* Assets.xcassets in Resources */ = {isa = PBXBuildFile; fileRef = 370EB3131EE1B24700B7F266 /* Assets.xcassets */; };
		370EB3171EE1B24700B7F266 /* LaunchScreen.storyboard in Resources */ = {isa = PBXBuildFile; fileRef = 370EB3151EE1B24700B7F266 /* LaunchScreen.storyboard */; };
		37B4C00D1F016F4C00281AFA /* IMG_3051.JPG in Resources */ = {isa = PBXBuildFile; fileRef = 37B4C00C1F016F4C00281AFA /* IMG_3051.JPG */; };
		37B4C00F1F01713800281AFA /* PenguinViewController.swift in Sources */ = {isa = PBXBuildFile; fileRef = 37B4C00E1F01713800281AFA /* PenguinViewController.swift */; };
/* End PBXBuildFile section */

/* Begin PBXFileReference section */
		370EB3061EE1B24600B7F266 /* PenguinCollector.app */ = {isa = PBXFileReference; explicitFileType = wrapper.application; includeInIndex = 0; path = PenguinCollector.app; sourceTree = BUILT_PRODUCTS_DIR; };
		370EB3091EE1B24600B7F266 /* AppDelegate.swift */ = {isa = PBXFileReference; lastKnownFileType = sourcecode.swift; path = AppDelegate.swift; sourceTree = "<group>"; };
		370EB30B1EE1B24700B7F266 /* ViewController.swift */ = {isa = PBXFileReference; lastKnownFileType = sourcecode.swift; path = ViewController.swift; sourceTree = "<group>"; };
		370EB30E1EE1B24700B7F266 /* Base */ = {isa = PBXFileReference; lastKnownFileType = file.storyboard; name = Base; path = Base.lproj/Main.storyboard; sourceTree = "<group>"; };
		370EB3111EE1B24700B7F266 /* PenguinCollector.xcdatamodel */ = {isa = PBXFileReference; lastKnownFileType = wrapper.xcdatamodel; path = PenguinCollector.xcdatamodel; sourceTree = "<group>"; };
		370EB3131EE1B24700B7F266 /* Assets.xcassets */ = {isa = PBXFileReference; lastKnownFileType = folder.assetcatalog; path = Assets.xcassets; sourceTree = "<group>"; };
		370EB3161EE1B24700B7F266 /* Base */ = {isa = PBXFileReference; lastKnownFileType = file.storyboard; name = Base; path = Base.lproj/LaunchScreen.storyboard; sourceTree = "<group>"; };
		370EB3181EE1B24700B7F266 /* Info.plist */ = {isa = PBXFileReference; lastKnownFileType = text.plist.xml; path = Info.plist; sourceTree = "<group>"; };
		37B4C00C1F016F4C00281AFA /* IMG_3051.JPG */ = {isa = PBXFileReference; lastKnownFileType = image.jpeg; path = IMG_3051.JPG; sourceTree = "<group>"; };
		37B4C00E1F01713800281AFA /* PenguinViewController.swift */ = {isa = PBXFileReference; fileEncoding = 4; lastKnownFileType = sourcecode.swift; path = PenguinViewController.swift; sourceTree = "<group>"; };
/* End PBXFileReference section */

/* Begin PBXFrameworksBuildPhase section */
		370EB3031EE1B24600B7F266 /* Frameworks */ = {
			isa = PBXFrameworksBuildPhase;
			buildActionMask = 2147483647;
			files = (
			);
			runOnlyForDeploymentPostprocessing = 0;
		};
/* End PBXFrameworksBuildPhase section */

/* Begin PBXGroup section */
		370EB2FD1EE1B24600B7F266 = {
			isa = PBXGroup;
			children = (
				370EB3081EE1B24600B7F266 /* PenguinCollector */,
				370EB3071EE1B24600B7F266 /* Products */,
			);
			sourceTree = "<group>";
		};
		370EB3071EE1B24600B7F266 /* Products */ = {
			isa = PBXGroup;
			children = (
				370EB3061EE1B24600B7F266 /* PenguinCollector.app */,
			);
			name = Products;
			sourceTree = "<group>";
		};
		370EB3081EE1B24600B7F266 /* PenguinCollector */ = {
			isa = PBXGroup;
			children = (
				370EB3091EE1B24600B7F266 /* AppDelegate.swift */,
				370EB30B1EE1B24700B7F266 /* ViewController.swift */,
				37B4C00C1F016F4C00281AFA /* IMG_3051.JPG */,
				370EB30D1EE1B24700B7F266 /* Main.storyboard */,
				37B4C00E1F01713800281AFA /* PenguinViewController.swift */,
				370EB3131EE1B24700B7F266 /* Assets.xcassets */,
				370EB3151EE1B24700B7F266 /* LaunchScreen.storyboard */,
				370EB3181EE1B24700B7F266 /* Info.plist */,
				370EB3101EE1B24700B7F266 /* PenguinCollector.xcdatamodeld */,
			);
			path = PenguinCollector;
			sourceTree = "<group>";
		};
/* End PBXGroup section */

/* Begin PBXNativeTarget section */
		370EB3051EE1B24600B7F266 /* PenguinCollector */ = {
			isa = PBXNativeTarget;
			buildConfigurationList = 370EB31B1EE1B24700B7F266 /* Build configuration list for PBXNativeTarget "PenguinCollector" */;
			buildPhases = (
				370EB3021EE1B24600B7F266 /* Sources */,
				370EB3031EE1B24600B7F266 /* Frameworks */,
				370EB3041EE1B24600B7F266 /* Resources */,
			);
			buildRules = (
			);
			dependencies = (
			);
			name = PenguinCollector;
			productName = PenguinCollector;
			productReference = 370EB3061EE1B24600B7F266 /* PenguinCollector.app */;
			productType = "com.apple.product-type.application";
		};
/* End PBXNativeTarget section */

/* Begin PBXProject section */
		370EB2FE1EE1B24600B7F266 /* Project object */ = {
			isa = PBXProject;
			attributes = {
				LastSwiftUpdateCheck = 0830;
				LastUpgradeCheck = 0830;
				ORGANIZATIONNAME = "Toby Zitsman";
				TargetAttributes = {
					370EB3051EE1B24600B7F266 = {
						CreatedOnToolsVersion = 8.3.2;
						ProvisioningStyle = Automatic;
					};
				};
			};
			buildConfigurationList = 370EB3011EE1B24600B7F266 /* Build configuration list for PBXProject "PenguinCollector" */;
			compatibilityVersion = "Xcode 3.2";
			developmentRegion = English;
			hasScannedForEncodings = 0;
			knownRegions = (
				en,
				Base,
			);
			mainGroup = 370EB2FD1EE1B24600B7F266;
			productRefGroup = 370EB3071EE1B24600B7F266 /* Products */;
			projectDirPath = "";
			projectRoot = "";
			targets = (
				370EB3051EE1B24600B7F266 /* PenguinCollector */,
			);
		};
/* End PBXProject section */

/* Begin PBXResourcesBuildPhase section */
		370EB3041EE1B24600B7F266 /* Resources */ = {
			isa = PBXResourcesBuildPhase;
			buildActionMask = 2147483647;
			files = (
				37B4C00D1F016F4C00281AFA /* IMG_3051.JPG in Resources */,
				370EB3171EE1B24700B7F266 /* LaunchScreen.storyboard in Resources */,
				370EB3141EE1B24700B7F266 /* Assets.xcassets in Resources */,
				370EB30F1EE1B24700B7F266 /* Main.storyboard in Resources */,
			);
			runOnlyForDeploymentPostprocessing = 0;
		};
/* End PBXResourcesBuildPhase section */

/* Begin PBXSourcesBuildPhase section */
		370EB3021EE1B24600B7F266 /* Sources */ = {
			isa = PBXSourcesBuildPhase;
			buildActionMask = 2147483647;
			files = (
				370EB30C1EE1B24700B7F266 /* ViewController.swift in Sources */,
				370EB3121EE1B24700B7F266 /* PenguinCollector.xcdatamodeld in Sources */,
				370EB30A1EE1B24600B7F266 /* AppDelegate.swift in Sources */,
				37B4C00F1F01713800281AFA /* PenguinViewController.swift in Sources */,
			);
			runOnlyForDeploymentPostprocessing = 0;
		};
/* End PBXSourcesBuildPhase section */

/* Begin PBXVariantGroup section */
		370EB30D1EE1B24700B7F266 /* Main.storyboard */ = {
			isa = PBXVariantGroup;
			children = (
				370EB30E1EE1B24700B7F266 /* Base */,
			);
			name = Main.storyboard;
			sourceTree = "<group>";
		};
		370EB3151EE1B24700B7F266 /* LaunchScreen.storyboard */ = {
			isa = PBXVariantGroup;
			children = (
				370EB3161EE1B24700B7F266 /* Base */,
			);
			name = LaunchScreen.storyboard;
			sourceTree = "<group>";
		};
/* End PBXVariantGroup section */

/* Begin XCBuildConfiguration section */
		370EB3191EE1B24700B7F266 /* Debug */ = {
			isa = XCBuildConfiguration;
			buildSettings = {
				ALWAYS_SEARCH_USER_PATHS = NO;
				CLANG_ANALYZER_NONNULL = YES;
				CLANG_ANALYZER_NUMBER_OBJECT_CONVERSION = YES_AGGRESSIVE;
				CLANG_CXX_LANGUAGE_STANDARD = "gnu++0x";
				CLANG_CXX_LIBRARY = "libc++";
				CLANG_ENABLE_MODULES = YES;
				CLANG_ENABLE_OBJC_ARC = YES;
				CLANG_WARN_BOOL_CONVERSION = YES;
				CLANG_WARN_CONSTANT_CONVERSION = YES;
				CLANG_WARN_DIRECT_OBJC_ISA_USAGE = YES_ERROR;
				CLANG_WARN_DOCUMENTATION_COMMENTS = YES;
				CLANG_WARN_EMPTY_BODY = YES;
				CLANG_WARN_ENUM_CONVERSION = YES;
				CLANG_WARN_INFINITE_RECURSION = YES;
				CLANG_WARN_INT_CONVERSION = YES;
				CLANG_WARN_OBJC_ROOT_CLASS = YES_ERROR;
				CLANG_WARN_SUSPICIOUS_MOVE = YES;
				CLANG_WARN_UNREACHABLE_CODE = YES;
				CLANG_WARN__DUPLICATE_METHOD_MATCH = YES;
				"CODE_SIGN_IDENTITY[sdk=iphoneos*]" = "iPhone Developer";
				COPY_PHASE_STRIP = NO;
				DEBUG_INFORMATION_FORMAT = dwarf;
				ENABLE_STRICT_OBJC_MSGSEND = YES;
				ENABLE_TESTABILITY = YES;
				GCC_C_LANGUAGE_STANDARD = gnu99;
				GCC_DYNAMIC_NO_PIC = NO;
				GCC_NO_COMMON_BLOCKS = YES;
				GCC_OPTIMIZATION_LEVEL = 0;
				GCC_PREPROCESSOR_DEFINITIONS = (
					"DEBUG=1",
					"$(inherited)",
				);
				GCC_WARN_64_TO_32_BIT_CONVERSION = YES;
				GCC_WARN_ABOUT_RETURN_TYPE = YES_ERROR;
				GCC_WARN_UNDECLARED_SELECTOR = YES;
				GCC_WARN_UNINITIALIZED_AUTOS = YES_AGGRESSIVE;
				GCC_WARN_UNUSED_FUNCTION = YES;
				GCC_WARN_UNUSED_VARIABLE = YES;
				IPHONEOS_DEPLOYMENT_TARGET = 10.3;
				MTL_ENABLE_DEBUG_INFO = YES;
				ONLY_ACTIVE_ARCH = YES;
				SDKROOT = iphoneos;
				SWIFT_ACTIVE_COMPILATION_CONDITIONS = DEBUG;
				SWIFT_OPTIMIZATION_LEVEL = "-Onone";
				TARGETED_DEVICE_FAMILY = "1,2";
			};
			name = Debug;
		};
		370EB31A1EE1B24700B7F266 /* Release */ = {
			isa = XCBuildConfiguration;
			buildSettings = {
				ALWAYS_SEARCH_USER_PATHS = NO;
				CLANG_ANALYZER_NONNULL = YES;
				CLANG_ANALYZER_NUMBER_OBJECT_CONVERSION = YES_AGGRESSIVE;
				CLANG_CXX_LANGUAGE_STANDARD = "gnu++0x";
				CLANG_CXX_LIBRARY = "libc++";
				CLANG_ENABLE_MODULES = YES;
				CLANG_ENABLE_OBJC_ARC = YES;
				CLANG_WARN_BOOL_CONVERSION = YES;
				CLANG_WARN_CONSTANT_CONVERSION = YES;
				CLANG_WARN_DIRECT_OBJC_ISA_USAGE = YES_ERROR;
				CLANG_WARN_DOCUMENTATION_COMMENTS = YES;
				CLANG_WARN_EMPTY_BODY = YES;
				CLANG_WARN_ENUM_CONVERSION = YES;
				CLANG_WARN_INFINITE_RECURSION = YES;
				CLANG_WARN_INT_CONVERSION = YES;
				CLANG_WARN_OBJC_ROOT_CLASS = YES_ERROR;
				CLANG_WARN_SUSPICIOUS_MOVE = YES;
				CLANG_WARN_UNREACHABLE_CODE = YES;
				CLANG_WARN__DUPLICATE_METHOD_MATCH = YES;
				"CODE_SIGN_IDENTITY[sdk=iphoneos*]" = "iPhone Developer";
				COPY_PHASE_STRIP = NO;
				DEBUG_INFORMATION_FORMAT = "dwarf-with-dsym";
				ENABLE_NS_ASSERTIONS = NO;
				ENABLE_STRICT_OBJC_MSGSEND = YES;
				GCC_C_LANGUAGE_STANDARD = gnu99;
				GCC_NO_COMMON_BLOCKS = YES;
				GCC_WARN_64_TO_32_BIT_CONVERSION = YES;
				GCC_WARN_ABOUT_RETURN_TYPE = YES_ERROR;
				GCC_WARN_UNDECLARED_SELECTOR = YES;
				GCC_WARN_UNINITIALIZED_AUTOS = YES_AGGRESSIVE;
				GCC_WARN_UNUSED_FUNCTION = YES;
				GCC_WARN_UNUSED_VARIABLE = YES;
				IPHONEOS_DEPLOYMENT_TARGET = 10.3;
				MTL_ENABLE_DEBUG_INFO = NO;
				SDKROOT = iphoneos;
				SWIFT_OPTIMIZATION_LEVEL = "-Owholemodule";
				TARGETED_DEVICE_FAMILY = "1,2";
				VALIDATE_PRODUCT = YES;
			};
			name = Release;
		};
		370EB31C1EE1B24700B7F266 /* Debug */ = {
			isa = XCBuildConfiguration;
			buildSettings = {
				ASSETCATALOG_COMPILER_APPICON_NAME = AppIcon;
				INFOPLIST_FILE = PenguinCollector/Info.plist;
				LD_RUNPATH_SEARCH_PATHS = "$(inherited) @executable_path/Frameworks";
				PRODUCT_BUNDLE_IDENTIFIER = io.tzits.PenguinCollector;
				PRODUCT_NAME = "$(TARGET_NAME)";
				SWIFT_VERSION = 3.0;
			};
			name = Debug;
		};
		370EB31D1EE1B24700B7F266 /* Release */ = {
			isa = XCBuildConfiguration;
			buildSettings = {
				ASSETCATALOG_COMPILER_APPICON_NAME = AppIcon;
				INFOPLIST_FILE = PenguinCollector/Info.plist;
				LD_RUNPATH_SEARCH_PATHS = "$(inherited) @executable_path/Frameworks";
				PRODUCT_BUNDLE_IDENTIFIER = io.tzits.PenguinCollector;
				PRODUCT_NAME = "$(TARGET_NAME)";
				SWIFT_VERSION = 3.0;
			};
			name = Release;
		};
/* End XCBuildConfiguration section */

/* Begin XCConfigurationList section */
		370EB3011EE1B24600B7F266 /* Build configuration list for PBXProject "PenguinCollector" */ = {
			isa = XCConfigurationList;
			buildConfigurations = (
				370EB3191EE1B24700B7F266 /* Debug */,
				370EB31A1EE1B24700B7F266 /* Release */,
			);
			defaultConfigurationIsVisible = 0;
			defaultConfigurationName = Release;
		};
		370EB31B1EE1B24700B7F266 /* Build configuration list for PBXNativeTarget "PenguinCollector" */ = {
			isa = XCConfigurationList;
			buildConfigurations = (
				370EB31C1EE1B24700B7F266 /* Debug */,
				370EB31D1EE1B24700B7F266 /* Release */,
			);
			defaultConfigurationIsVisible = 0;
			defaultConfigurationName = Release;
		};
/* End XCConfigurationList section */

/* Begin XCVersionGroup section */
		370EB3101EE1B24700B7F266 /* PenguinCollector.xcdatamodeld */ = {
			isa = XCVersionGroup;
			children = (
				370EB3111EE1B24700B7F266 /* PenguinCollector.xcdatamodel */,
			);
			currentVersion = 370EB3111EE1B24700B7F266 /* PenguinCollector.xcdatamodel */;
			path = PenguinCollector.xcdatamodeld;
			sourceTree = "<group>";
			versionGroupType = wrapper.xcdatamodel;
		};
/* End XCVersionGroup section */
	};
	rootObject = 370EB2FE1EE1B24600B7F266 /* Project object */;
}
